
Microsoft Visual Studio Solution File, Format Version 12.00
# Visual Studio Version 17
VisualStudioVersion = 17.13.35818.85 d17.13
MinimumVisualStudioVersion = 10.0.40219.1
Project("{FAE04EC0-301F-11D3-BF4B-00C04F79EFBC}") = "Arbeitszeitrechner", "Arbeitszeitrechner\Arbeitszeitrechner.csproj", "{B559C5D6-47CD-4818-8657-3384D3256F71}"
EndProject
Global
	GlobalSection(SolutionConfigurationPlatforms) = preSolution
		Debug|Any CPU = Debug|Any CPU
		Release|Any CPU = Release|Any CPU
	EndGlobalSection
	GlobalSection(ProjectConfigurationPlatforms) = postSolution
		{B559C5D6-47CD-4818-8657-3384D3256F71}.Debug|Any CPU.ActiveCfg = Debug|Any CPU
		{B559C5D6-47CD-4818-8657-3384D3256F71}.Debug|Any CPU.Build.0 = Debug|Any CPU
		{B559C5D6-47CD-4818-8657-3384D3256F71}.Release|Any CPU.ActiveCfg = Release|Any CPU
		{B559C5D6-47CD-4818-8657-3384D3256F71}.Release|Any CPU.Build.0 = Release|Any CPU
	EndGlobalSection
	GlobalSection(SolutionProperties) = preSolution
		HideSolutionNode = FALSE
	EndGlobalSection
	GlobalSection(ExtensibilityGlobals) = postSolution
		SolutionGuid = {82A25F90-7B8C-4FF8-9F41-A708BE2EDA42}
	EndGlobalSection
EndGlobal
